
Microsoft Visual Studio Solution File, Format Version 12.00
# Visual Studio Version 17
VisualStudioVersion = 17.0.31903.59
MinimumVisualStudioVersion = 10.0.40219.1
Project("{FAE04EC0-301F-11D3-BF4B-00C04F79EFBC}") = "AverageCalculator", "AverageCalculator\AverageCalculator.csproj", "{A589BAD1-71C5-4C5A-AF2D-42626F9EF0E6}"
EndProject
Project("{FAE04EC0-301F-11D3-BF4B-00C04F79EFBC}") = "program00", "program00\program00.csproj", "{B540023E-2FF7-4BAF-A836-8E1B701A3B51}"
EndProject
Project("{FAE04EC0-301F-11D3-BF4B-00C04F79EFBC}") = "AverageCalculator.Tests", "AverageCalculator.Tests\AverageCalculator.Tests.csproj", "{2A8ACA96-97AC-46BE-A229-EE05D4C85DC1}"
EndProject
Global
	GlobalSection(SolutionConfigurationPlatforms) = preSolution
		Debug|Any CPU = Debug|Any CPU
		Release|Any CPU = Release|Any CPU
	EndGlobalSection
	GlobalSection(SolutionProperties) = preSolution
		HideSolutionNode = FALSE
	EndGlobalSection
	GlobalSection(ProjectConfigurationPlatforms) = postSolution
		{A589BAD1-71C5-4C5A-AF2D-42626F9EF0E6}.Debug|Any CPU.ActiveCfg = Debug|Any CPU
		{A589BAD1-71C5-4C5A-AF2D-42626F9EF0E6}.Debug|Any CPU.Build.0 = Debug|Any CPU
		{A589BAD1-71C5-4C5A-AF2D-42626F9EF0E6}.Release|Any CPU.ActiveCfg = Release|Any CPU
		{A589BAD1-71C5-4C5A-AF2D-42626F9EF0E6}.Release|Any CPU.Build.0 = Release|Any CPU
		{B540023E-2FF7-4BAF-A836-8E1B701A3B51}.Debug|Any CPU.ActiveCfg = Debug|Any CPU
		{B540023E-2FF7-4BAF-A836-8E1B701A3B51}.Debug|Any CPU.Build.0 = Debug|Any CPU
		{B540023E-2FF7-4BAF-A836-8E1B701A3B51}.Release|Any CPU.ActiveCfg = Release|Any CPU
		{B540023E-2FF7-4BAF-A836-8E1B701A3B51}.Release|Any CPU.Build.0 = Release|Any CPU
		{2A8ACA96-97AC-46BE-A229-EE05D4C85DC1}.Debug|Any CPU.ActiveCfg = Debug|Any CPU
		{2A8ACA96-97AC-46BE-A229-EE05D4C85DC1}.Debug|Any CPU.Build.0 = Debug|Any CPU
		{2A8ACA96-97AC-46BE-A229-EE05D4C85DC1}.Release|Any CPU.ActiveCfg = Release|Any CPU
		{2A8ACA96-97AC-46BE-A229-EE05D4C85DC1}.Release|Any CPU.Build.0 = Release|Any CPU
	EndGlobalSection
EndGlobal
